
Microsoft Visual Studio Solution File, Format Version 12.00
# Visual Studio Version 17
VisualStudioVersion = 17.14.36310.24
MinimumVisualStudioVersion = 10.0.40219.1
Project("{FAE04EC0-301F-11D3-BF4B-00C04F79EFBC}") = "ClientPlugin", "ClientPlugin\ClientPlugin.csproj", "{DF532A98-9E90-49A7-A647-111BDE85FA0D}"
EndProject
Global
	GlobalSection(SolutionConfigurationPlatforms) = preSolution
		Debug|Any CPU = Debug|Any CPU
		Release|Any CPU = Release|Any CPU
	EndGlobalSection
	GlobalSection(ProjectConfigurationPlatforms) = postSolution
		{DF532A98-9E90-49A7-A647-111BDE85FA0D}.Debug|Any CPU.ActiveCfg = Debug|Any CPU
		{DF532A98-9E90-49A7-A647-111BDE85FA0D}.Debug|Any CPU.Build.0 = Debug|Any CPU
		{DF532A98-9E90-49A7-A647-111BDE85FA0D}.Release|Any CPU.ActiveCfg = Release|Any CPU
		{DF532A98-9E90-49A7-A647-111BDE85FA0D}.Release|Any CPU.Build.0 = Release|Any CPU
	EndGlobalSection
	GlobalSection(SolutionProperties) = preSolution
		HideSolutionNode = FALSE
	EndGlobalSection
	GlobalSection(ExtensibilityGlobals) = postSolution
		SolutionGuid = {A23B43CC-20DB-4B64-B4F0-DB11B1C8E832}
	EndGlobalSection
EndGlobal
